
Microsoft Visual Studio Solution File, Format Version 12.00
Project("{FAE04EC0-301F-11D3-BF4B-00C04F79EFBC}") = "Envisia.React.Extensions", "Envisia.React.Extensions\Envisia.React.Extensions.csproj", "{955D01F3-C554-4FDF-B623-2993C9A45CDE}"
EndProject
Project("{FAE04EC0-301F-11D3-BF4B-00C04F79EFBC}") = "Envisia.Webpack.Extensions", "Envisia.Webpack.Extensions\Envisia.Webpack.Extensions.csproj", "{96CB0516-4973-4EAA-BEC5-0FEF7895AD80}"
EndProject
Project("{FAE04EC0-301F-11D3-BF4B-00C04F79EFBC}") = "Envisia.React.Engine.V8", "Envisia.React.Engine.V8\Envisia.React.Engine.V8.csproj", "{20BFF29F-15EF-48A9-9C7B-E60F951126A5}"
EndProject
Project("{FAE04EC0-301F-11D3-BF4B-00C04F79EFBC}") = "Envisia.React.Core", "Envisia.React.Core\Envisia.React.Core.csproj", "{2D030AA8-B8F3-401D-ABDC-8DE6E315A05A}"
EndProject
Global
	GlobalSection(SolutionConfigurationPlatforms) = preSolution
		Debug|Any CPU = Debug|Any CPU
		Release|Any CPU = Release|Any CPU
	EndGlobalSection
	GlobalSection(ProjectConfigurationPlatforms) = postSolution
		{955D01F3-C554-4FDF-B623-2993C9A45CDE}.Debug|Any CPU.ActiveCfg = Debug|Any CPU
		{955D01F3-C554-4FDF-B623-2993C9A45CDE}.Debug|Any CPU.Build.0 = Debug|Any CPU
		{955D01F3-C554-4FDF-B623-2993C9A45CDE}.Release|Any CPU.ActiveCfg = Release|Any CPU
		{955D01F3-C554-4FDF-B623-2993C9A45CDE}.Release|Any CPU.Build.0 = Release|Any CPU
		{96CB0516-4973-4EAA-BEC5-0FEF7895AD80}.Debug|Any CPU.ActiveCfg = Debug|Any CPU
		{96CB0516-4973-4EAA-BEC5-0FEF7895AD80}.Debug|Any CPU.Build.0 = Debug|Any CPU
		{96CB0516-4973-4EAA-BEC5-0FEF7895AD80}.Release|Any CPU.ActiveCfg = Release|Any CPU
		{96CB0516-4973-4EAA-BEC5-0FEF7895AD80}.Release|Any CPU.Build.0 = Release|Any CPU
		{20BFF29F-15EF-48A9-9C7B-E60F951126A5}.Debug|Any CPU.ActiveCfg = Debug|Any CPU
		{20BFF29F-15EF-48A9-9C7B-E60F951126A5}.Debug|Any CPU.Build.0 = Debug|Any CPU
		{20BFF29F-15EF-48A9-9C7B-E60F951126A5}.Release|Any CPU.ActiveCfg = Release|Any CPU
		{20BFF29F-15EF-48A9-9C7B-E60F951126A5}.Release|Any CPU.Build.0 = Release|Any CPU
		{2D030AA8-B8F3-401D-ABDC-8DE6E315A05A}.Debug|Any CPU.ActiveCfg = Debug|Any CPU
		{2D030AA8-B8F3-401D-ABDC-8DE6E315A05A}.Debug|Any CPU.Build.0 = Debug|Any CPU
		{2D030AA8-B8F3-401D-ABDC-8DE6E315A05A}.Release|Any CPU.ActiveCfg = Release|Any CPU
		{2D030AA8-B8F3-401D-ABDC-8DE6E315A05A}.Release|Any CPU.Build.0 = Release|Any CPU
	EndGlobalSection
EndGlobal
